{
  "nodes": {
    "flake-parts": {
      "inputs": {
        "nixpkgs-lib": [
          "nixpkgs"
        ]
      },
      "locked": {
        "lastModified": 1790898470,
        "narHash": "sha256-zTwuwezD0w3hpga6a6P8emidzAZFyWqlNeRBlpWOOl8=",
        "owner": "hercules-ci",
        "repo": "flake-parts",
        "rev": "024633cd702b10285db5cb19b40ad48d2399ba60",
        "type": "github"
      },
      "original": {
        "owner": "hercules-ci",
        "repo": "flake-parts",
        "type": "github"
      }
    },
    "neovim-src": {
      "flake": false,
      "locked": {
        "lastModified": 1791333643,
        "narHash": "sha256-h4jVBM12UT8dF6U1aNrZeSAZn9j66MEg72yGqrVntVg=",
        "owner": "neovim",
        "repo": "neovim",
        "rev": "898e6f884e1331b92dc9deb5148091b32df017ca",
        "type": "github"
      },
      "original": {
        "owner": "neovim",
        "repo": "neovim",
        "type": "github"
      }
    },
    "nixpkgs": {
      "locked": {
        "lastModified": 1791306662,
        "narHash": "sha256-bIhK7AMT7yU8Hkjzaag0MDpqbqiMTvN6UJ0U6Zs63OI=",
        "owner": "NixOS",
        "repo": "nixpkgs",
        "rev": "e2ccecbf30866802b1db536246e0939eccbd7bfb",
        "type": "github"
      },
      "original": {
        "owner": "NixOS",
        "ref": "nixpkgs-unstable",
        "repo": "nixpkgs",
        "type": "github"
      }
    },
    "root": {
      "inputs": {
        "flake-parts": "flake-parts",
        "neovim-src": "neovim-src",
        "nixpkgs": "nixpkgs"
      }
    }
  },
  "root": "root",
  "version": 7
}
